# This file is automatically @generated by Cargo.
# It is not intended for manual editing.
version = 4

[[package]]
name = "eli-app"
version = "0.1.0"

[[package]]
name = "eli-lab"
version = "0.1.0"

[[package]]
name = "eli_control"
version = "0.1.0"

[[package]]
name = "eli_edge"
version = "0.1.0"

[[package]]
name = "eli_macros"
version = "0.1.0"

[[package]]
name = "eli_ml"
version = "0.1.0"

[[package]]
name = "eli_realtime"
version = "0.1.0"

[[package]]
name = "eli_silo"
version = "0.1.0"
